// !$*UTF8*$!
{
	archiveVersion = 1;
	classes = {
	};
	objectVersion = 46;
	objects = {

/* Begin PBXBuildFile section */
		6678F0161AA6B72A00F85A6E /* gg2.png in Resources */ = {isa = PBXBuildFile; fileRef = 6678F0151AA6B72A00F85A6E /* gg2.png */; };
		6678F0191AA6BE8000F85A6E /* UIDetailViewController.m in Sources */ = {isa = PBXBuildFile; fileRef = 6678F0181AA6BE8000F85A6E /* UIDetailViewController.m */; };
		669C2E131AA6909400770AC4 /* Foundation.framework in Frameworks */ = {isa = PBXBuildFile; fileRef = 669C2E121AA6909400770AC4 /* Foundation.framework */; };
		669C2E151AA6909400770AC4 /* CoreGraphics.framework in Frameworks */ = {isa = PBXBuildFile; fileRef = 669C2E141AA6909400770AC4 /* CoreGraphics.framework */; };
		669C2E171AA6909400770AC4 /* UIKit.framework in Frameworks */ = {isa = PBXBuildFile; fileRef = 669C2E161AA6909400770AC4 /* UIKit.framework */; };
		669C2E1D1AA6909400770AC4 /* InfoPlist.strings in Resources */ = {isa = PBXBuildFile; fileRef = 669C2E1B1AA6909400770AC4 /* InfoPlist.strings */; };
		669C2E1F1AA6909400770AC4 /* main.m in Sources */ = {isa = PBXBuildFile; fileRef = 669C2E1E1AA6909400770AC4 /* main.m */; };
		669C2E231AA6909400770AC4 /* AppDelegate.m in Sources */ = {isa = PBXBuildFile; fileRef = 669C2E221AA6909400770AC4 /* AppDelegate.m */; };
		669C2E261AA6909400770AC4 /* Main.storyboard in Resources */ = {isa = PBXBuildFile; fileRef = 669C2E241AA6909400770AC4 /* Main.storyboard */; };
		669C2E291AA6909400770AC4 /* ViewController.m in Sources */ = {isa = PBXBuildFile; fileRef = 669C2E281AA6909400770AC4 /* ViewController.m */; };
		669C2E2B1AA6909400770AC4 /* Images.xcassets in Resources */ = {isa = PBXBuildFile; fileRef = 669C2E2A1AA6909400770AC4 /* Images.xcassets */; };
		669C2E321AA6909400770AC4 /* XCTest.framework in Frameworks */ = {isa = PBXBuildFile; fileRef = 669C2E311AA6909400770AC4 /* XCTest.framework */; };
		669C2E331AA6909400770AC4 /* Foundation.framework in Frameworks */ = {isa = PBXBuildFile; fileRef = 669C2E121AA6909400770AC4 /* Foundation.framework */; };
		669C2E341AA6909400770AC4 /* UIKit.framework in Frameworks */ = {isa = PBXBuildFile; fileRef = 669C2E161AA6909400770AC4 /* UIKit.framework */; };
		669C2E3C1AA6909500770AC4 /* InfoPlist.strings in Resources */ = {isa = PBXBuildFile; fileRef = 669C2E3A1AA6909500770AC4 /* InfoPlist.strings */; };
		669C2E3E1AA6909500770AC4 /* TableViewNestedTests.m in Sources */ = {isa = PBXBuildFile; fileRef = 669C2E3D1AA6909500770AC4 /* TableViewNestedTests.m */; };
		669C2E491AA69C5E00770AC4 /* InfoCell.m in Sources */ = {isa = PBXBuildFile; fileRef = 669C2E481AA69C5E00770AC4 /* InfoCell.m */; };
/* End PBXBuildFile section */

/* Begin PBXContainerItemProxy section */
		669C2E351AA6909400770AC4 /* PBXContainerItemProxy */ = {
			isa = PBXContainerItemProxy;
			containerPortal = 669C2E071AA6909400770AC4 /* Project object */;
			proxyType = 1;
			remoteGlobalIDString = 669C2E0E1AA6909400770AC4;
			remoteInfo = TableViewNested;
		};
/* End PBXContainerItemProxy section */

/* Begin PBXFileReference section */
		6678F0151AA6B72A00F85A6E /* gg2.png */ = {isa = PBXFileReference; lastKnownFileType = image.png; path = gg2.png; sourceTree = "<group>"; };
		6678F0171AA6BE8000F85A6E /* UIDetailViewController.h */ = {isa = PBXFileReference; fileEncoding = 4; lastKnownFileType = sourcecode.c.h; path = UIDetailViewController.h; sourceTree = "<group>"; };
		6678F0181AA6BE8000F85A6E /* UIDetailViewController.m */ = {isa = PBXFileReference; fileEncoding = 4; lastKnownFileType = sourcecode.c.objc; path = UIDetailViewController.m; sourceTree = "<group>"; };
		669C2E0F1AA6909400770AC4 /* TableViewNested.app */ = {isa = PBXFileReference; explicitFileType = wrapper.application; includeInIndex = 0; path = TableViewNested.app; sourceTree = BUILT_PRODUCTS_DIR; };
		669C2E121AA6909400770AC4 /* Foundation.framework */ = {isa = PBXFileReference; lastKnownFileType = wrapper.framework; name = Foundation.framework; path = System/Library/Frameworks/Foundation.framework; sourceTree = SDKROOT; };
		669C2E141AA6909400770AC4 /* CoreGraphics.framework */ = {isa = PBXFileReference; lastKnownFileType = wrapper.framework; name = CoreGraphics.framework; path = System/Library/Frameworks/CoreGraphics.framework; sourceTree = SDKROOT; };
		669C2E161AA6909400770AC4 /* UIKit.framework */ = {isa = PBXFileReference; lastKnownFileType = wrapper.framework; name = UIKit.framework; path = System/Library/Frameworks/UIKit.framework; sourceTree = SDKROOT; };
		669C2E1A1AA6909400770AC4 /* TableViewNested-Info.plist */ = {isa = PBXFileReference; lastKnownFileType = text.plist.xml; path = "TableViewNested-Info.plist"; sourceTree = "<group>"; };
		669C2E1C1AA6909400770AC4 /* en */ = {isa = PBXFileReference; lastKnownFileType = text.plist.strings; name = en; path = en.lproj/InfoPlist.strings; sourceTree = "<group>"; };
		669C2E1E1AA6909400770AC4 /* main.m */ = {isa = PBXFileReference; lastKnownFileType = sourcecode.c.objc; path = main.m; sourceTree = "<group>"; };
		669C2E201AA6909400770AC4 /* TableViewNested-Prefix.pch */ = {isa = PBXFileReference; lastKnownFileType = sourcecode.c.h; path = "TableViewNested-Prefix.pch"; sourceTree = "<group>"; };
		669C2E211AA6909400770AC4 /* AppDelegate.h */ = {isa = PBXFileReference; lastKnownFileType = sourcecode.c.h; path = AppDelegate.h; sourceTree = "<group>"; };
		669C2E221AA6909400770AC4 /* AppDelegate.m */ = {isa = PBXFileReference; lastKnownFileType = sourcecode.c.objc; path = AppDelegate.m; sourceTree = "<group>"; };
		669C2E251AA6909400770AC4 /* Base */ = {isa = PBXFileReference; lastKnownFileType = file.storyboard; name = Base; path = Base.lproj/Main.storyboard; sourceTree = "<group>"; };
		669C2E271AA6909400770AC4 /* ViewController.h */ = {isa = PBXFileReference; lastKnownFileType = sourcecode.c.h; path = ViewController.h; sourceTree = "<group>"; };
		669C2E281AA6909400770AC4 /* ViewController.m */ = {isa = PBXFileReference; lastKnownFileType = sourcecode.c.objc; path = ViewController.m; sourceTree = "<group>"; };
		669C2E2A1AA6909400770AC4 /* Images.xcassets */ = {isa = PBXFileReference; lastKnownFileType = folder.assetcatalog; path = Images.xcassets; sourceTree = "<group>"; };
		669C2E301AA6909400770AC4 /* TableViewNestedTests.xctest */ = {isa = PBXFileReference; explicitFileType = wrapper.cfbundle; includeInIndex = 0; path = TableViewNestedTests.xctest; sourceTree = BUILT_PRODUCTS_DIR; };
		669C2E311AA6909400770AC4 /* XCTest.framework */ = {isa = PBXFileReference; lastKnownFileType = wrapper.framework; name = XCTest.framework; path = Library/Frameworks/XCTest.framework; sourceTree = DEVELOPER_DIR; };
		669C2E391AA6909400770AC4 /* TableViewNestedTests-Info.plist */ = {isa = PBXFileReference; lastKnownFileType = text.plist.xml; path = "TableViewNestedTests-Info.plist"; sourceTree = "<group>"; };
		669C2E3B1AA6909500770AC4 /* en */ = {isa = PBXFileReference; lastKnownFileType = text.plist.strings; name = en; path = en.lproj/InfoPlist.strings; sourceTree = "<group>"; };
		669C2E3D1AA6909500770AC4 /* TableViewNestedTests.m */ = {isa = PBXFileReference; lastKnownFileType = sourcecode.c.objc; path = TableViewNestedTests.m; sourceTree = "<group>"; };
		669C2E471AA69C5E00770AC4 /* InfoCell.h */ = {isa = PBXFileReference; fileEncoding = 4; lastKnownFileType = sourcecode.c.h; path = InfoCell.h; sourceTree = "<group>"; };
		669C2E481AA69C5E00770AC4 /* InfoCell.m */ = {isa = PBXFileReference; fileEncoding = 4; lastKnownFileType = sourcecode.c.objc; path = InfoCell.m; sourceTree = "<group>"; };
/* End PBXFileReference section */

/* Begin PBXFrameworksBuildPhase section */
		669C2E0C1AA6909400770AC4 /* Frameworks */ = {
			isa = PBXFrameworksBuildPhase;
			buildActionMask = 2147483647;
			files = (
				669C2E151AA6909400770AC4 /* CoreGraphics.framework in Frameworks */,
				669C2E171AA6909400770AC4 /* UIKit.framework in Frameworks */,
				669C2E131AA6909400770AC4 /* Foundation.framework in Frameworks */,
			);
			runOnlyForDeploymentPostprocessing = 0;
		};
		669C2E2D1AA6909400770AC4 /* Frameworks */ = {
			isa = PBXFrameworksBuildPhase;
			buildActionMask = 2147483647;
			files = (
				669C2E321AA6909400770AC4 /* XCTest.framework in Frameworks */,
				669C2E341AA6909400770AC4 /* UIKit.framework in Frameworks */,
				669C2E331AA6909400770AC4 /* Foundation.framework in Frameworks */,
			);
			runOnlyForDeploymentPostprocessing = 0;
		};
/* End PBXFrameworksBuildPhase section */

/* Begin PBXGroup section */
		669C2E061AA6909400770AC4 = {
			isa = PBXGroup;
			children = (
				669C2E181AA6909400770AC4 /* TableViewNested */,
				669C2E371AA6909400770AC4 /* TableViewNestedTests */,
				669C2E111AA6909400770AC4 /* Frameworks */,
				669C2E101AA6909400770AC4 /* Products */,
			);
			sourceTree = "<group>";
		};
		669C2E101AA6909400770AC4 /* Products */ = {
			isa = PBXGroup;
			children = (
				669C2E0F1AA6909400770AC4 /* TableViewNested.app */,
				669C2E301AA6909400770AC4 /* TableViewNestedTests.xctest */,
			);
			name = Products;
			sourceTree = "<group>";
		};
		669C2E111AA6909400770AC4 /* Frameworks */ = {
			isa = PBXGroup;
			children = (
				669C2E121AA6909400770AC4 /* Foundation.framework */,
				669C2E141AA6909400770AC4 /* CoreGraphics.framework */,
				669C2E161AA6909400770AC4 /* UIKit.framework */,
				669C2E311AA6909400770AC4 /* XCTest.framework */,
			);
			name = Frameworks;
			sourceTree = "<group>";
		};
		669C2E181AA6909400770AC4 /* TableViewNested */ = {
			isa = PBXGroup;
			children = (
				669C2E211AA6909400770AC4 /* AppDelegate.h */,
				669C2E221AA6909400770AC4 /* AppDelegate.m */,
				669C2E241AA6909400770AC4 /* Main.storyboard */,
				669C2E271AA6909400770AC4 /* ViewController.h */,
				669C2E281AA6909400770AC4 /* ViewController.m */,
				669C2E471AA69C5E00770AC4 /* InfoCell.h */,
				669C2E481AA69C5E00770AC4 /* InfoCell.m */,
				6678F0171AA6BE8000F85A6E /* UIDetailViewController.h */,
				6678F0181AA6BE8000F85A6E /* UIDetailViewController.m */,
				6678F0151AA6B72A00F85A6E /* gg2.png */,
				669C2E2A1AA6909400770AC4 /* Images.xcassets */,
				669C2E191AA6909400770AC4 /* Supporting Files */,
			);
			path = TableViewNested;
			sourceTree = "<group>";
		};
		669C2E191AA6909400770AC4 /* Supporting Files */ = {
			isa = PBXGroup;
			children = (
				669C2E1A1AA6909400770AC4 /* TableViewNested-Info.plist */,
				669C2E1B1AA6909400770AC4 /* InfoPlist.strings */,
				669C2E1E1AA6909400770AC4 /* main.m */,
				669C2E201AA6909400770AC4 /* TableViewNested-Prefix.pch */,
			);
			name = "Supporting Files";
			sourceTree = "<group>";
		};
		669C2E371AA6909400770AC4 /* TableViewNestedTests */ = {
			isa = PBXGroup;
			children = (
				669C2E3D1AA6909500770AC4 /* TableViewNestedTests.m */,
				669C2E381AA6909400770AC4 /* Supporting Files */,
			);
			path = TableViewNestedTests;
			sourceTree = "<group>";
		};
		669C2E381AA6909400770AC4 /* Supporting Files */ = {
			isa = PBXGroup;
			children = (
				669C2E391AA6909400770AC4 /* TableViewNestedTests-Info.plist */,
				669C2E3A1AA6909500770AC4 /* InfoPlist.strings */,
			);
			name = "Supporting Files";
			sourceTree = "<group>";
		};
/* End PBXGroup section */

/* Begin PBXNativeTarget section */
		669C2E0E1AA6909400770AC4 /* TableViewNested */ = {
			isa = PBXNativeTarget;
			buildConfigurationList = 669C2E411AA6909500770AC4 /* Build configuration list for PBXNativeTarget "TableViewNested" */;
			buildPhases = (
				669C2E0B1AA6909400770AC4 /* Sources */,
				669C2E0C1AA6909400770AC4 /* Frameworks */,
				669C2E0D1AA6909400770AC4 /* Resources */,
			);
			buildRules = (
			);
			dependencies = (
			);
			name = TableViewNested;
			productName = TableViewNested;
			productReference = 669C2E0F1AA6909400770AC4 /* TableViewNested.app */;
			productType = "com.apple.product-type.application";
		};
		669C2E2F1AA6909400770AC4 /* TableViewNestedTests */ = {
			isa = PBXNativeTarget;
			buildConfigurationList = 669C2E441AA6909500770AC4 /* Build configuration list for PBXNativeTarget "TableViewNestedTests" */;
			buildPhases = (
				669C2E2C1AA6909400770AC4 /* Sources */,
				669C2E2D1AA6909400770AC4 /* Frameworks */,
				669C2E2E1AA6909400770AC4 /* Resources */,
			);
			buildRules = (
			);
			dependencies = (
				669C2E361AA6909400770AC4 /* PBXTargetDependency */,
			);
			name = TableViewNestedTests;
			productName = TableViewNestedTests;
			productReference = 669C2E301AA6909400770AC4 /* TableViewNestedTests.xctest */;
			productType = "com.apple.product-type.bundle.unit-test";
		};
/* End PBXNativeTarget section */

/* Begin PBXProject section */
		669C2E071AA6909400770AC4 /* Project object */ = {
			isa = PBXProject;
			attributes = {
				LastUpgradeCheck = 0500;
				ORGANIZATIONNAME = cndatacom;
				TargetAttributes = {
					669C2E2F1AA6909400770AC4 = {
						TestTargetID = 669C2E0E1AA6909400770AC4;
					};
				};
			};
			buildConfigurationList = 669C2E0A1AA6909400770AC4 /* Build configuration list for PBXProject "TableViewNested" */;
			compatibilityVersion = "Xcode 3.2";
			developmentRegion = English;
			hasScannedForEncodings = 0;
			knownRegions = (
				en,
				Base,
			);
			mainGroup = 669C2E061AA6909400770AC4;
			productRefGroup = 669C2E101AA6909400770AC4 /* Products */;
			projectDirPath = "";
			projectRoot = "";
			targets = (
				669C2E0E1AA6909400770AC4 /* TableViewNested */,
				669C2E2F1AA6909400770AC4 /* TableViewNestedTests */,
			);
		};
/* End PBXProject section */

/* Begin PBXResourcesBuildPhase section */
		669C2E0D1AA6909400770AC4 /* Resources */ = {
			isa = PBXResourcesBuildPhase;
			buildActionMask = 2147483647;
			files = (
				669C2E2B1AA6909400770AC4 /* Images.xcassets in Resources */,
				669C2E1D1AA6909400770AC4 /* InfoPlist.strings in Resources */,
				6678F0161AA6B72A00F85A6E /* gg2.png in Resources */,
				669C2E261AA6909400770AC4 /* Main.storyboard in Resources */,
			);
			runOnlyForDeploymentPostprocessing = 0;
		};
		669C2E2E1AA6909400770AC4 /* Resources */ = {
			isa = PBXResourcesBuildPhase;
			buildActionMask = 2147483647;
			files = (
				669C2E3C1AA6909500770AC4 /* InfoPlist.strings in Resources */,
			);
			runOnlyForDeploymentPostprocessing = 0;
		};
/* End PBXResourcesBuildPhase section */

/* Begin PBXSourcesBuildPhase section */
		669C2E0B1AA6909400770AC4 /* Sources */ = {
			isa = PBXSourcesBuildPhase;
			buildActionMask = 2147483647;
			files = (
				6678F0191AA6BE8000F85A6E /* UIDetailViewController.m in Sources */,
				669C2E291AA6909400770AC4 /* ViewController.m in Sources */,
				669C2E491AA69C5E00770AC4 /* InfoCell.m in Sources */,
				669C2E231AA6909400770AC4 /* AppDelegate.m in Sources */,
				669C2E1F1AA6909400770AC4 /* main.m in Sources */,
			);
			runOnlyForDeploymentPostprocessing = 0;
		};
		669C2E2C1AA6909400770AC4 /* Sources */ = {
			isa = PBXSourcesBuildPhase;
			buildActionMask = 2147483647;
			files = (
				669C2E3E1AA6909500770AC4 /* TableViewNestedTests.m in Sources */,
			);
			runOnlyForDeploymentPostprocessing = 0;
		};
/* End PBXSourcesBuildPhase section */

/* Begin PBXTargetDependency section */
		669C2E361AA6909400770AC4 /* PBXTargetDependency */ = {
			isa = PBXTargetDependency;
			target = 669C2E0E1AA6909400770AC4 /* TableViewNested */;
			targetProxy = 669C2E351AA6909400770AC4 /* PBXContainerItemProxy */;
		};
/* End PBXTargetDependency section */

/* Begin PBXVariantGroup section */
		669C2E1B1AA6909400770AC4 /* InfoPlist.strings */ = {
			isa = PBXVariantGroup;
			children = (
				669C2E1C1AA6909400770AC4 /* en */,
			);
			name = InfoPlist.strings;
			sourceTree = "<group>";
		};
		669C2E241AA6909400770AC4 /* Main.storyboard */ = {
			isa = PBXVariantGroup;
			children = (
				669C2E251AA6909400770AC4 /* Base */,
			);
			name = Main.storyboard;
			sourceTree = "<group>";
		};
		669C2E3A1AA6909500770AC4 /* InfoPlist.strings */ = {
			isa = PBXVariantGroup;
			children = (
				669C2E3B1AA6909500770AC4 /* en */,
			);
			name = InfoPlist.strings;
			sourceTree = "<group>";
		};
/* End PBXVariantGroup section */

/* Begin XCBuildConfiguration section */
		669C2E3F1AA6909500770AC4 /* Debug */ = {
			isa = XCBuildConfiguration;
			buildSettings = {
				ALWAYS_SEARCH_USER_PATHS = NO;
				ARCHS = "$(ARCHS_STANDARD_INCLUDING_64_BIT)";
				CLANG_CXX_LANGUAGE_STANDARD = "gnu++0x";
				CLANG_CXX_LIBRARY = "libc++";
				CLANG_ENABLE_MODULES = YES;
				CLANG_ENABLE_OBJC_ARC = YES;
				CLANG_WARN_BOOL_CONVERSION = YES;
				CLANG_WARN_CONSTANT_CONVERSION = YES;
				CLANG_WARN_DIRECT_OBJC_ISA_USAGE = YES_ERROR;
				CLANG_WARN_EMPTY_BODY = YES;
				CLANG_WARN_ENUM_CONVERSION = YES;
				CLANG_WARN_INT_CONVERSION = YES;
				CLANG_WARN_OBJC_ROOT_CLASS = YES_ERROR;
				CLANG_WARN__DUPLICATE_METHOD_MATCH = YES;
				"CODE_SIGN_IDENTITY[sdk=iphoneos*]" = "iPhone Developer";
				COPY_PHASE_STRIP = NO;
				GCC_C_LANGUAGE_STANDARD = gnu99;
				GCC_DYNAMIC_NO_PIC = NO;
				GCC_OPTIMIZATION_LEVEL = 0;
				GCC_PREPROCESSOR_DEFINITIONS = (
					"DEBUG=1",
					"$(inherited)",
				);
				GCC_SYMBOLS_PRIVATE_EXTERN = NO;
				GCC_WARN_64_TO_32_BIT_CONVERSION = YES;
				GCC_WARN_ABOUT_RETURN_TYPE = YES_ERROR;
				GCC_WARN_UNDECLARED_SELECTOR = YES;
				GCC_WARN_UNINITIALIZED_AUTOS = YES;
				GCC_WARN_UNUSED_FUNCTION = YES;
				GCC_WARN_UNUSED_VARIABLE = YES;
				IPHONEOS_DEPLOYMENT_TARGET = 7.0;
				ONLY_ACTIVE_ARCH = YES;
				SDKROOT = iphoneos;
			};
			name = Debug;
		};
		669C2E401AA6909500770AC4 /* Release */ = {
			isa = XCBuildConfiguration;
			buildSettings = {
				ALWAYS_SEARCH_USER_PATHS = NO;
				ARCHS = "$(ARCHS_STANDARD_INCLUDING_64_BIT)";
				CLANG_CXX_LANGUAGE_STANDARD = "gnu++0x";
				CLANG_CXX_LIBRARY = "libc++";
				CLANG_ENABLE_MODULES = YES;
				CLANG_ENABLE_OBJC_ARC = YES;
				CLANG_WARN_BOOL_CONVERSION = YES;
				CLANG_WARN_CONSTANT_CONVERSION = YES;
				CLANG_WARN_DIRECT_OBJC_ISA_USAGE = YES_ERROR;
				CLANG_WARN_EMPTY_BODY = YES;
				CLANG_WARN_ENUM_CONVERSION = YES;
				CLANG_WARN_INT_CONVERSION = YES;
				CLANG_WARN_OBJC_ROOT_CLASS = YES_ERROR;
				CLANG_WARN__DUPLICATE_METHOD_MATCH = YES;
				"CODE_SIGN_IDENTITY[sdk=iphoneos*]" = "iPhone Developer";
				COPY_PHASE_STRIP = YES;
				ENABLE_NS_ASSERTIONS = NO;
				GCC_C_LANGUAGE_STANDARD = gnu99;
				GCC_WARN_64_TO_32_BIT_CONVERSION = YES;
				GCC_WARN_ABOUT_RETURN_TYPE = YES_ERROR;
				GCC_WARN_UNDECLARED_SELECTOR = YES;
				GCC_WARN_UNINITIALIZED_AUTOS = YES;
				GCC_WARN_UNUSED_FUNCTION = YES;
				GCC_WARN_UNUSED_VARIABLE = YES;
				IPHONEOS_DEPLOYMENT_TARGET = 7.0;
				SDKROOT = iphoneos;
				VALIDATE_PRODUCT = YES;
			};
			name = Release;
		};
		669C2E421AA6909500770AC4 /* Debug */ = {
			isa = XCBuildConfiguration;
			buildSettings = {
				ARCHS = "$(ARCHS_STANDARD)";
				ASSETCATALOG_COMPILER_APPICON_NAME = AppIcon;
				ASSETCATALOG_COMPILER_LAUNCHIMAGE_NAME = LaunchImage;
				"CODE_SIGN_IDENTITY[sdk=iphoneos*]" = "iPhone Developer: Yingge Li (Y62CMB592F)";
				GCC_PRECOMPILE_PREFIX_HEADER = YES;
				GCC_PREFIX_HEADER = "TableViewNested/TableViewNested-Prefix.pch";
				INFOPLIST_FILE = "TableViewNested/TableViewNested-Info.plist";
				IPHONEOS_DEPLOYMENT_TARGET = 6.0;
				PRODUCT_NAME = "$(TARGET_NAME)";
				PROVISIONING_PROFILE = "871d43a8-fb6c-45ef-b27c-1bbd55b3fb85";
				WRAPPER_EXTENSION = app;
			};
			name = Debug;
		};
		669C2E431AA6909500770AC4 /* Release */ = {
			isa = XCBuildConfiguration;
			buildSettings = {
				ARCHS = "$(ARCHS_STANDARD)";
				ASSETCATALOG_COMPILER_APPICON_NAME = AppIcon;
				ASSETCATALOG_COMPILER_LAUNCHIMAGE_NAME = LaunchImage;
				"CODE_SIGN_IDENTITY[sdk=iphoneos*]" = "iPhone Distribution: JinTao Zhu (SJN4NZHDK5)";
				GCC_PRECOMPILE_PREFIX_HEADER = YES;
				GCC_PREFIX_HEADER = "TableViewNested/TableViewNested-Prefix.pch";
				INFOPLIST_FILE = "TableViewNested/TableViewNested-Info.plist";
				IPHONEOS_DEPLOYMENT_TARGET = 6.0;
				PRODUCT_NAME = "$(TARGET_NAME)";
				PROVISIONING_PROFILE = "5fda920a-a9ad-468c-abdb-695ae0212b25";
				WRAPPER_EXTENSION = app;
			};
			name = Release;
		};
		669C2E451AA6909500770AC4 /* Debug */ = {
			isa = XCBuildConfiguration;
			buildSettings = {
				ARCHS = "$(ARCHS_STANDARD_INCLUDING_64_BIT)";
				BUNDLE_LOADER = "$(BUILT_PRODUCTS_DIR)/TableViewNested.app/TableViewNested";
				FRAMEWORK_SEARCH_PATHS = (
					"$(SDKROOT)/Developer/Library/Frameworks",
					"$(inherited)",
					"$(DEVELOPER_FRAMEWORKS_DIR)",
				);
				GCC_PRECOMPILE_PREFIX_HEADER = YES;
				GCC_PREFIX_HEADER = "TableViewNested/TableViewNested-Prefix.pch";
				GCC_PREPROCESSOR_DEFINITIONS = (
					"DEBUG=1",
					"$(inherited)",
				);
				INFOPLIST_FILE = "TableViewNestedTests/TableViewNestedTests-Info.plist";
				PRODUCT_NAME = "$(TARGET_NAME)";
				TEST_HOST = "$(BUNDLE_LOADER)";
				WRAPPER_EXTENSION = xctest;
			};
			name = Debug;
		};
		669C2E461AA6909500770AC4 /* Release */ = {
			isa = XCBuildConfiguration;
			buildSettings = {
				ARCHS = "$(ARCHS_STANDARD_INCLUDING_64_BIT)";
				BUNDLE_LOADER = "$(BUILT_PRODUCTS_DIR)/TableViewNested.app/TableViewNested";
				FRAMEWORK_SEARCH_PATHS = (
					"$(SDKROOT)/Developer/Library/Frameworks",
					"$(inherited)",
					"$(DEVELOPER_FRAMEWORKS_DIR)",
				);
				GCC_PRECOMPILE_PREFIX_HEADER = YES;
				GCC_PREFIX_HEADER = "TableViewNested/TableViewNested-Prefix.pch";
				INFOPLIST_FILE = "TableViewNestedTests/TableViewNestedTests-Info.plist";
				PRODUCT_NAME = "$(TARGET_NAME)";
				TEST_HOST = "$(BUNDLE_LOADER)";
				WRAPPER_EXTENSION = xctest;
			};
			name = Release;
		};
/* End XCBuildConfiguration section */

/* Begin XCConfigurationList section */
		669C2E0A1AA6909400770AC4 /* Build configuration list for PBXProject "TableViewNested" */ = {
			isa = XCConfigurationList;
			buildConfigurations = (
				669C2E3F1AA6909500770AC4 /* Debug */,
				669C2E401AA6909500770AC4 /* Release */,
			);
			defaultConfigurationIsVisible = 0;
			defaultConfigurationName = Release;
		};
		669C2E411AA6909500770AC4 /* Build configuration list for PBXNativeTarget "TableViewNested" */ = {
			isa = XCConfigurationList;
			buildConfigurations = (
				669C2E421AA6909500770AC4 /* Debug */,
				669C2E431AA6909500770AC4 /* Release */,
			);
			defaultConfigurationIsVisible = 0;
			defaultConfigurationName = Release;
		};
		669C2E441AA6909500770AC4 /* Build configuration list for PBXNativeTarget "TableViewNestedTests" */ = {
			isa = XCConfigurationList;
			buildConfigurations = (
				669C2E451AA6909500770AC4 /* Debug */,
				669C2E461AA6909500770AC4 /* Release */,
			);
			defaultConfigurationIsVisible = 0;
			defaultConfigurationName = Release;
		};
/* End XCConfigurationList section */
	};
	rootObject = 669C2E071AA6909400770AC4 /* Project object */;
}
